
Microsoft Visual Studio Solution File, Format Version 12.00
# Visual Studio Version 17
VisualStudioVersion = 17.4.33213.308
MinimumVisualStudioVersion = 10.0.40219.1
Project("{FAE04EC0-301F-11D3-BF4B-00C04F79EFBC}") = "CadastroFornecedor1", "CadastroFornecedor1\CadastroFornecedor1.csproj", "{69B0B13D-708F-4827-816B-C171E0F1A04D}"
EndProject
Global
	GlobalSection(SolutionConfigurationPlatforms) = preSolution
		Debug|Any CPU = Debug|Any CPU
		Release|Any CPU = Release|Any CPU
	EndGlobalSection
	GlobalSection(ProjectConfigurationPlatforms) = postSolution
		{69B0B13D-708F-4827-816B-C171E0F1A04D}.Debug|Any CPU.ActiveCfg = Debug|Any CPU
		{69B0B13D-708F-4827-816B-C171E0F1A04D}.Debug|Any CPU.Build.0 = Debug|Any CPU
		{69B0B13D-708F-4827-816B-C171E0F1A04D}.Release|Any CPU.ActiveCfg = Release|Any CPU
		{69B0B13D-708F-4827-816B-C171E0F1A04D}.Release|Any CPU.Build.0 = Release|Any CPU
	EndGlobalSection
	GlobalSection(SolutionProperties) = preSolution
		HideSolutionNode = FALSE
	EndGlobalSection
	GlobalSection(ExtensibilityGlobals) = postSolution
		SolutionGuid = {A1A863BF-9899-4B68-9577-B5C771393064}
	EndGlobalSection
EndGlobal
